
Microsoft Visual Studio Solution File, Format Version 12.00
# Visual Studio Version 17
VisualStudioVersion = 17.1.31903.286
MinimumVisualStudioVersion = 10.0.40219.1
Project("{9A19103F-16F7-4668-BE54-9A1E7A4F7556}") = "AdventOfCode.Day01", "AdventOfCode.Day01\AdventOfCode.Day01.csproj", "{127713F4-6FCC-498D-8E82-6F8E5916F743}"
EndProject
Project("{9A19103F-16F7-4668-BE54-9A1E7A4F7556}") = "AdventOfCode.Common", "AdventOfCode.Common\AdventOfCode.Common.csproj", "{0201BBA0-0775-483F-9C0D-0C5E54CD888D}"
EndProject
Project("{FAE04EC0-301F-11D3-BF4B-00C04F79EFBC}") = "AdventOfCode.Day02", "AdventOfCode.Day02\AdventOfCode.Day02.csproj", "{42D7AE7F-1005-45DE-8D8E-CCFE0E6449A0}"
EndProject
Project("{FAE04EC0-301F-11D3-BF4B-00C04F79EFBC}") = "AdventOfCode.Day03", "AdventOfCode.Day03\AdventOfCode.Day03.csproj", "{DB0CC0DA-BC11-4726-AC3A-5F7959B0C66B}"
EndProject
Project("{FAE04EC0-301F-11D3-BF4B-00C04F79EFBC}") = "AdventOfCode.Day04", "AdventOfCode.Day04\AdventOfCode.Day04.csproj", "{F483BA96-F2C5-45E4-91B7-FBC1DCFDBE1E}"
EndProject
Project("{FAE04EC0-301F-11D3-BF4B-00C04F79EFBC}") = "AdventOfCode.Day05", "AdventOfCode.Day05\AdventOfCode.Day05.csproj", "{C64C8DC6-4C6D-4827-83B7-94DE6C9CF687}"
EndProject
Project("{FAE04EC0-301F-11D3-BF4B-00C04F79EFBC}") = "AdventOfCode.Day06", "AdventOfCode.Day06\AdventOfCode.Day06.csproj", "{8FB4415B-4F6F-4344-BB2E-F095FD120F90}"
EndProject
Project("{FAE04EC0-301F-11D3-BF4B-00C04F79EFBC}") = "AdventOfCode.Day07", "AdventOfCode.Day07\AdventOfCode.Day07.csproj", "{42099C50-24F4-4CE3-9F4B-E00FB47A6DCC}"
EndProject
Project("{FAE04EC0-301F-11D3-BF4B-00C04F79EFBC}") = "AdventOfCode.Day08", "AdventOfCode.Day08\AdventOfCode.Day08.csproj", "{0081DF37-5D1C-4F51-AB42-203DE22A349D}"
EndProject
Global
	GlobalSection(SolutionConfigurationPlatforms) = preSolution
		Debug|Any CPU = Debug|Any CPU
		Release|Any CPU = Release|Any CPU
	EndGlobalSection
	GlobalSection(ProjectConfigurationPlatforms) = postSolution
		{127713F4-6FCC-498D-8E82-6F8E5916F743}.Debug|Any CPU.ActiveCfg = Debug|Any CPU
		{127713F4-6FCC-498D-8E82-6F8E5916F743}.Debug|Any CPU.Build.0 = Debug|Any CPU
		{127713F4-6FCC-498D-8E82-6F8E5916F743}.Release|Any CPU.ActiveCfg = Release|Any CPU
		{127713F4-6FCC-498D-8E82-6F8E5916F743}.Release|Any CPU.Build.0 = Release|Any CPU
		{0201BBA0-0775-483F-9C0D-0C5E54CD888D}.Debug|Any CPU.ActiveCfg = Debug|Any CPU
		{0201BBA0-0775-483F-9C0D-0C5E54CD888D}.Debug|Any CPU.Build.0 = Debug|Any CPU
		{0201BBA0-0775-483F-9C0D-0C5E54CD888D}.Release|Any CPU.ActiveCfg = Release|Any CPU
		{0201BBA0-0775-483F-9C0D-0C5E54CD888D}.Release|Any CPU.Build.0 = Release|Any CPU
		{42D7AE7F-1005-45DE-8D8E-CCFE0E6449A0}.Debug|Any CPU.ActiveCfg = Debug|Any CPU
		{42D7AE7F-1005-45DE-8D8E-CCFE0E6449A0}.Debug|Any CPU.Build.0 = Debug|Any CPU
		{42D7AE7F-1005-45DE-8D8E-CCFE0E6449A0}.Release|Any CPU.ActiveCfg = Release|Any CPU
		{42D7AE7F-1005-45DE-8D8E-CCFE0E6449A0}.Release|Any CPU.Build.0 = Release|Any CPU
		{DB0CC0DA-BC11-4726-AC3A-5F7959B0C66B}.Debug|Any CPU.ActiveCfg = Debug|Any CPU
		{DB0CC0DA-BC11-4726-AC3A-5F7959B0C66B}.Debug|Any CPU.Build.0 = Debug|Any CPU
		{DB0CC0DA-BC11-4726-AC3A-5F7959B0C66B}.Release|Any CPU.ActiveCfg = Release|Any CPU
		{DB0CC0DA-BC11-4726-AC3A-5F7959B0C66B}.Release|Any CPU.Build.0 = Release|Any CPU
		{F483BA96-F2C5-45E4-91B7-FBC1DCFDBE1E}.Debug|Any CPU.ActiveCfg = Debug|Any CPU
		{F483BA96-F2C5-45E4-91B7-FBC1DCFDBE1E}.Debug|Any CPU.Build.0 = Debug|Any CPU
		{F483BA96-F2C5-45E4-91B7-FBC1DCFDBE1E}.Release|Any CPU.ActiveCfg = Release|Any CPU
		{F483BA96-F2C5-45E4-91B7-FBC1DCFDBE1E}.Release|Any CPU.Build.0 = Release|Any CPU
		{C64C8DC6-4C6D-4827-83B7-94DE6C9CF687}.Debug|Any CPU.ActiveCfg = Debug|Any CPU
		{C64C8DC6-4C6D-4827-83B7-94DE6C9CF687}.Debug|Any CPU.Build.0 = Debug|Any CPU
		{C64C8DC6-4C6D-4827-83B7-94DE6C9CF687}.Release|Any CPU.ActiveCfg = Release|Any CPU
		{C64C8DC6-4C6D-4827-83B7-94DE6C9CF687}.Release|Any CPU.Build.0 = Release|Any CPU
		{8FB4415B-4F6F-4344-BB2E-F095FD120F90}.Debug|Any CPU.ActiveCfg = Debug|Any CPU
		{8FB4415B-4F6F-4344-BB2E-F095FD120F90}.Debug|Any CPU.Build.0 = Debug|Any CPU
		{8FB4415B-4F6F-4344-BB2E-F095FD120F90}.Release|Any CPU.ActiveCfg = Release|Any CPU
		{8FB4415B-4F6F-4344-BB2E-F095FD120F90}.Release|Any CPU.Build.0 = Release|Any CPU
		{42099C50-24F4-4CE3-9F4B-E00FB47A6DCC}.Debug|Any CPU.ActiveCfg = Debug|Any CPU
		{42099C50-24F4-4CE3-9F4B-E00FB47A6DCC}.Debug|Any CPU.Build.0 = Debug|Any CPU
		{42099C50-24F4-4CE3-9F4B-E00FB47A6DCC}.Release|Any CPU.ActiveCfg = Release|Any CPU
		{42099C50-24F4-4CE3-9F4B-E00FB47A6DCC}.Release|Any CPU.Build.0 = Release|Any CPU
		{0081DF37-5D1C-4F51-AB42-203DE22A349D}.Debug|Any CPU.ActiveCfg = Debug|Any CPU
		{0081DF37-5D1C-4F51-AB42-203DE22A349D}.Debug|Any CPU.Build.0 = Debug|Any CPU
		{0081DF37-5D1C-4F51-AB42-203DE22A349D}.Release|Any CPU.ActiveCfg = Release|Any CPU
		{0081DF37-5D1C-4F51-AB42-203DE22A349D}.Release|Any CPU.Build.0 = Release|Any CPU
	EndGlobalSection
	GlobalSection(SolutionProperties) = preSolution
		HideSolutionNode = FALSE
	EndGlobalSection
	GlobalSection(ExtensibilityGlobals) = postSolution
		SolutionGuid = {1C6D7CBF-A345-4319-8205-25EB04B82D15}
	EndGlobalSection
EndGlobal
